
Microsoft Visual Studio Solution File, Format Version 12.00
# Visual Studio Version 17
VisualStudioVersion = 17.3.32804.467
MinimumVisualStudioVersion = 10.0.40219.1
Project("{9A19103F-16F7-4668-BE54-9A1E7A4F7556}") = "UnitTestMoqFinal", "UnitTestMoqFinal\UnitTestMoqFinal.csproj", "{F1FCB451-B2EC-46FC-8823-3EEE89B40B2A}"
EndProject
Project("{FAE04EC0-301F-11D3-BF4B-00C04F79EFBC}") = "UnitTestProject", "UnitTestProject\UnitTestProject.csproj", "{514CD457-5385-42E5-89E8-FC308CD0125F}"
EndProject
Global
	GlobalSection(SolutionConfigurationPlatforms) = preSolution
		Debug|Any CPU = Debug|Any CPU
		Release|Any CPU = Release|Any CPU
	EndGlobalSection
	GlobalSection(ProjectConfigurationPlatforms) = postSolution
		{F1FCB451-B2EC-46FC-8823-3EEE89B40B2A}.Debug|Any CPU.ActiveCfg = Debug|Any CPU
		{F1FCB451-B2EC-46FC-8823-3EEE89B40B2A}.Debug|Any CPU.Build.0 = Debug|Any CPU
		{F1FCB451-B2EC-46FC-8823-3EEE89B40B2A}.Release|Any CPU.ActiveCfg = Release|Any CPU
		{F1FCB451-B2EC-46FC-8823-3EEE89B40B2A}.Release|Any CPU.Build.0 = Release|Any CPU
		{514CD457-5385-42E5-89E8-FC308CD0125F}.Debug|Any CPU.ActiveCfg = Debug|Any CPU
		{514CD457-5385-42E5-89E8-FC308CD0125F}.Debug|Any CPU.Build.0 = Debug|Any CPU
		{514CD457-5385-42E5-89E8-FC308CD0125F}.Release|Any CPU.ActiveCfg = Release|Any CPU
		{514CD457-5385-42E5-89E8-FC308CD0125F}.Release|Any CPU.Build.0 = Release|Any CPU
	EndGlobalSection
	GlobalSection(SolutionProperties) = preSolution
		HideSolutionNode = FALSE
	EndGlobalSection
	GlobalSection(ExtensibilityGlobals) = postSolution
		SolutionGuid = {3902AF12-CAD7-438F-A3C4-238F5C9825AA}
	EndGlobalSection
EndGlobal
